
Microsoft Visual Studio Solution File, Format Version 12.00
# Visual Studio 15
VisualStudioVersion = 15.0.28307.489
MinimumVisualStudioVersion = 10.0.40219.1
Project("{9A19103F-16F7-4668-BE54-9A1E7A4F7556}") = "Payment Management System", "Payment Management System\Payment Management System.csproj", "{D72464E2-DDF0-401F-BD2B-AD6A6A800962}"
EndProject
Global
	GlobalSection(SolutionConfigurationPlatforms) = preSolution
		Debug|Any CPU = Debug|Any CPU
		Release|Any CPU = Release|Any CPU
	EndGlobalSection
	GlobalSection(ProjectConfigurationPlatforms) = postSolution
		{D72464E2-DDF0-401F-BD2B-AD6A6A800962}.Debug|Any CPU.ActiveCfg = Debug|Any CPU
		{D72464E2-DDF0-401F-BD2B-AD6A6A800962}.Debug|Any CPU.Build.0 = Debug|Any CPU
		{D72464E2-DDF0-401F-BD2B-AD6A6A800962}.Release|Any CPU.ActiveCfg = Release|Any CPU
		{D72464E2-DDF0-401F-BD2B-AD6A6A800962}.Release|Any CPU.Build.0 = Release|Any CPU
	EndGlobalSection
	GlobalSection(SolutionProperties) = preSolution
		HideSolutionNode = FALSE
	EndGlobalSection
	GlobalSection(ExtensibilityGlobals) = postSolution
		SolutionGuid = {F1FAA557-8E22-48B7-875F-D2CF42185B0F}
	EndGlobalSection
EndGlobal
